<?xml version="1.0" encoding="utf-8"?>
<Project ToolsVersion="17.0" xmlns="http://schemas.microsoft.com/developer/msbuild/2003">
  <ItemGroup>
    <CustomBuild Include="D:\Projects\CPP\quick-vanish\CMakeFiles\7a65352857b27ff156065905c40dac1b\INSTALL_force.rule">
      <Filter>CMake Rules</Filter>
    </CustomBuild>
  </ItemGroup>
  <ItemGroup>
    <Filter Include="CMake Rules">
      <UniqueIdentifier>{A7A6A8E7-9381-3FFD-9978-B3810D963FB0}</UniqueIdentifier>
    </Filter>
  </ItemGroup>
</Project>
