<?xml version="1.0" encoding="utf-8"?>
<Project ToolsVersion="17.0" xmlns="http://schemas.microsoft.com/developer/msbuild/2003">
  <ItemGroup>
    <ClCompile Include="D:\Projects\CPP\quick-vanish\src\qvanish.cpp">
      <Filter>Source Files</Filter>
    </ClCompile>
    <ClCompile Include="D:\Projects\CPP\quick-vanish\src\data_loader.cpp">
      <Filter>Source Files</Filter>
    </ClCompile>
  </ItemGroup>
  <ItemGroup>
    <CustomBuild Include="D:\Projects\CPP\quick-vanish\CMakeLists.txt" />
  </ItemGroup>
  <ItemGroup>
    <Filter Include="Source Files">
      <UniqueIdentifier>{1E651CF9-44A1-3AF5-90E1-F8363291B072}</UniqueIdentifier>
    </Filter>
    <Filter Include="Header Files">
      <UniqueIdentifier>{65b1f46f-82e7-40fd-96bb-1259d2a8ec4f}</UniqueIdentifier>
    </Filter>
  </ItemGroup>
  <ItemGroup>
    <ClInclude Include="src\data_loader.h">
      <Filter>Header Files</Filter>
    </ClInclude>
    <ClInclude Include="src\qvanish.h">
      <Filter>Header Files</Filter>
    </ClInclude>
  </ItemGroup>
</Project>